Microsoft Visual Studio Solution File, Format Version 12.00
# Visual Studio Version 16
VisualStudioVersion = 16.0.0.0
MinimumVisualStudioVersion = 16.0.0.0
Project("{9A19103F-16F7-4668-BE54-9A1E7A4F7556}") = "blazor-angular.Server", "Server\blazor-angular.Server.csproj", "{74B5EDBB-38DC-4B8D-9AA7-4EF4FD9FF6DC}"
EndProject
Project("{9A19103F-16F7-4668-BE54-9A1E7A4F7556}") = "blazor-angular.Client", "Client\blazor-angular.Client.csproj", "{91612006-77CB-4C0E-8FFD-D0C93E452502}"
EndProject
Project("{9A19103F-16F7-4668-BE54-9A1E7A4F7556}") = "blazor-angular.Shared", "Shared\blazor-angular.Shared.csproj", "{2F903F6D-CFB4-4015-A017-5F418A751D04}"
EndProject
Global
	GlobalSection(SolutionConfigurationPlatforms) = preSolution
		Debug|Any CPU = Debug|Any CPU
		Debug|x64 = Debug|x64
		Debug|x86 = Debug|x86
		Release|Any CPU = Release|Any CPU
		Release|x64 = Release|x64
		Release|x86 = Release|x86
	EndGlobalSection
	GlobalSection(ProjectConfigurationPlatforms) = postSolution
		{91612006-77CB-4C0E-8FFD-D0C93E452502}.Debug|Any CPU.ActiveCfg = Debug|Any CPU
		{91612006-77CB-4C0E-8FFD-D0C93E452502}.Debug|Any CPU.Build.0 = Debug|Any CPU
		{91612006-77CB-4C0E-8FFD-D0C93E452502}.Debug|x64.ActiveCfg = Debug|Any CPU
		{91612006-77CB-4C0E-8FFD-D0C93E452502}.Debug|x64.Build.0 = Debug|Any CPU
		{91612006-77CB-4C0E-8FFD-D0C93E452502}.Debug|x86.ActiveCfg = Debug|Any CPU
		{91612006-77CB-4C0E-8FFD-D0C93E452502}.Debug|x86.Build.0 = Debug|Any CPU
		{91612006-77CB-4C0E-8FFD-D0C93E452502}.Release|Any CPU.ActiveCfg = Release|Any CPU
		{91612006-77CB-4C0E-8FFD-D0C93E452502}.Release|Any CPU.Build.0 = Release|Any CPU
		{91612006-77CB-4C0E-8FFD-D0C93E452502}.Release|x64.ActiveCfg = Release|Any CPU
		{91612006-77CB-4C0E-8FFD-D0C93E452502}.Release|x64.Build.0 = Release|Any CPU
		{91612006-77CB-4C0E-8FFD-D0C93E452502}.Release|x86.ActiveCfg = Release|Any CPU
		{91612006-77CB-4C0E-8FFD-D0C93E452502}.Release|x86.Build.0 = Release|Any CPU
		{74B5EDBB-38DC-4B8D-9AA7-4EF4FD9FF6DC}.Debug|Any CPU.ActiveCfg = Debug|Any CPU
		{74B5EDBB-38DC-4B8D-9AA7-4EF4FD9FF6DC}.Debug|Any CPU.Build.0 = Debug|Any CPU
		{74B5EDBB-38DC-4B8D-9AA7-4EF4FD9FF6DC}.Debug|x64.ActiveCfg = Debug|Any CPU
		{74B5EDBB-38DC-4B8D-9AA7-4EF4FD9FF6DC}.Debug|x64.Build.0 = Debug|Any CPU
		{74B5EDBB-38DC-4B8D-9AA7-4EF4FD9FF6DC}.Debug|x86.ActiveCfg = Debug|Any CPU
		{74B5EDBB-38DC-4B8D-9AA7-4EF4FD9FF6DC}.Debug|x86.Build.0 = Debug|Any CPU
		{74B5EDBB-38DC-4B8D-9AA7-4EF4FD9FF6DC}.Release|Any CPU.ActiveCfg = Release|Any CPU
		{74B5EDBB-38DC-4B8D-9AA7-4EF4FD9FF6DC}.Release|Any CPU.Build.0 = Release|Any CPU
		{74B5EDBB-38DC-4B8D-9AA7-4EF4FD9FF6DC}.Release|x64.ActiveCfg = Release|Any CPU
		{74B5EDBB-38DC-4B8D-9AA7-4EF4FD9FF6DC}.Release|x64.Build.0 = Release|Any CPU
		{74B5EDBB-38DC-4B8D-9AA7-4EF4FD9FF6DC}.Release|x86.ActiveCfg = Release|Any CPU
		{74B5EDBB-38DC-4B8D-9AA7-4EF4FD9FF6DC}.Release|x86.Build.0 = Release|Any CPU
		{2F903F6D-CFB4-4015-A017-5F418A751D04}.Debug|Any CPU.ActiveCfg = Debug|Any CPU
		{2F903F6D-CFB4-4015-A017-5F418A751D04}.Debug|Any CPU.Build.0 = Debug|Any CPU
		{2F903F6D-CFB4-4015-A017-5F418A751D04}.Debug|x64.ActiveCfg = Debug|Any CPU
		{2F903F6D-CFB4-4015-A017-5F418A751D04}.Debug|x64.Build.0 = Debug|Any CPU
		{2F903F6D-CFB4-4015-A017-5F418A751D04}.Debug|x86.ActiveCfg = Debug|Any CPU
		{2F903F6D-CFB4-4015-A017-5F418A751D04}.Debug|x86.Build.0 = Debug|Any CPU
		{2F903F6D-CFB4-4015-A017-5F418A751D04}.Release|Any CPU.ActiveCfg = Release|Any CPU
		{2F903F6D-CFB4-4015-A017-5F418A751D04}.Release|Any CPU.Build.0 = Release|Any CPU
		{2F903F6D-CFB4-4015-A017-5F418A751D04}.Release|x64.ActiveCfg = Release|Any CPU
		{2F903F6D-CFB4-4015-A017-5F418A751D04}.Release|x64.Build.0 = Release|Any CPU
		{2F903F6D-CFB4-4015-A017-5F418A751D04}.Release|x86.ActiveCfg = Release|Any CPU
		{2F903F6D-CFB4-4015-A017-5F418A751D04}.Release|x86.Build.0 = Release|Any CPU
	EndGlobalSection
	GlobalSection(SolutionProperties) = preSolution
		HideSolutionNode = FALSE
	EndGlobalSection
	GlobalSection(ExtensibilityGlobals) = postSolution
		SolutionGuid = {096F0A58-5577-4EB4-B79F-885A83EB8DA9}
	EndGlobalSection
EndGlobal